
Microsoft Visual Studio Solution File, Format Version 12.00
# Visual Studio Version 16
VisualStudioVersion = 16.0.31313.79
MinimumVisualStudioVersion = 10.0.40219.1
Project("{9A19103F-16F7-4668-BE54-9A1E7A4F7556}") = "WebAPI", "UserManagementSystem\WebAPI.csproj", "{DED3F040-0924-4DD2-8F72-CD508D6DA393}"
EndProject
Project("{9A19103F-16F7-4668-BE54-9A1E7A4F7556}") = "ApplicationCore", "ApplicationCore\ApplicationCore.csproj", "{344EEBDD-CF3D-426A-838E-937CA401087E}"
EndProject
Project("{9A19103F-16F7-4668-BE54-9A1E7A4F7556}") = "Infrastructure", "Infrastructure\Infrastructure.csproj", "{2378E4FF-2988-4D1A-84B0-F37FBA334700}"
EndProject
Project("{9A19103F-16F7-4668-BE54-9A1E7A4F7556}") = "Web", "Web\Web.csproj", "{C3DEB3B5-F542-454B-85FD-F46044BC62A8}"
	ProjectSection(ProjectDependencies) = postProject
		{DED3F040-0924-4DD2-8F72-CD508D6DA393} = {DED3F040-0924-4DD2-8F72-CD508D6DA393}
	EndProjectSection
EndProject
Global
	GlobalSection(SolutionConfigurationPlatforms) = preSolution
		Debug|Any CPU = Debug|Any CPU
		Release|Any CPU = Release|Any CPU
	EndGlobalSection
	GlobalSection(ProjectConfigurationPlatforms) = postSolution
		{DED3F040-0924-4DD2-8F72-CD508D6DA393}.Debug|Any CPU.ActiveCfg = Debug|Any CPU
		{DED3F040-0924-4DD2-8F72-CD508D6DA393}.Debug|Any CPU.Build.0 = Debug|Any CPU
		{DED3F040-0924-4DD2-8F72-CD508D6DA393}.Release|Any CPU.ActiveCfg = Release|Any CPU
		{DED3F040-0924-4DD2-8F72-CD508D6DA393}.Release|Any CPU.Build.0 = Release|Any CPU
		{344EEBDD-CF3D-426A-838E-937CA401087E}.Debug|Any CPU.ActiveCfg = Debug|Any CPU
		{344EEBDD-CF3D-426A-838E-937CA401087E}.Debug|Any CPU.Build.0 = Debug|Any CPU
		{344EEBDD-CF3D-426A-838E-937CA401087E}.Release|Any CPU.ActiveCfg = Release|Any CPU
		{344EEBDD-CF3D-426A-838E-937CA401087E}.Release|Any CPU.Build.0 = Release|Any CPU
		{2378E4FF-2988-4D1A-84B0-F37FBA334700}.Debug|Any CPU.ActiveCfg = Debug|Any CPU
		{2378E4FF-2988-4D1A-84B0-F37FBA334700}.Debug|Any CPU.Build.0 = Debug|Any CPU
		{2378E4FF-2988-4D1A-84B0-F37FBA334700}.Release|Any CPU.ActiveCfg = Release|Any CPU
		{2378E4FF-2988-4D1A-84B0-F37FBA334700}.Release|Any CPU.Build.0 = Release|Any CPU
		{C3DEB3B5-F542-454B-85FD-F46044BC62A8}.Debug|Any CPU.ActiveCfg = Debug|Any CPU
		{C3DEB3B5-F542-454B-85FD-F46044BC62A8}.Debug|Any CPU.Build.0 = Debug|Any CPU
		{C3DEB3B5-F542-454B-85FD-F46044BC62A8}.Release|Any CPU.ActiveCfg = Release|Any CPU
		{C3DEB3B5-F542-454B-85FD-F46044BC62A8}.Release|Any CPU.Build.0 = Release|Any CPU
	EndGlobalSection
	GlobalSection(SolutionProperties) = preSolution
		HideSolutionNode = FALSE
	EndGlobalSection
	GlobalSection(ExtensibilityGlobals) = postSolution
		SolutionGuid = {2B0BF5BE-844E-4147-9E6B-00F8FAEBDC45}
	EndGlobalSection
EndGlobal
